
Microsoft Visual Studio Solution File, Format Version 12.00
# Visual Studio Version 16
VisualStudioVersion = 16.0.32126.315
MinimumVisualStudioVersion = 10.0.40219.1
Project("{FAE04EC0-301F-11D3-BF4B-00C04F79EFBC}") = "smallCrud", "smallCrud\smallCrud.csproj", "{6C48306A-4E45-4460-B68A-D393412BEF82}"
EndProject
Global
	GlobalSection(SolutionConfigurationPlatforms) = preSolution
		Debug|Any CPU = Debug|Any CPU
		Release|Any CPU = Release|Any CPU
	EndGlobalSection
	GlobalSection(ProjectConfigurationPlatforms) = postSolution
		{6C48306A-4E45-4460-B68A-D393412BEF82}.Debug|Any CPU.ActiveCfg = Debug|Any CPU
		{6C48306A-4E45-4460-B68A-D393412BEF82}.Debug|Any CPU.Build.0 = Debug|Any CPU
		{6C48306A-4E45-4460-B68A-D393412BEF82}.Release|Any CPU.ActiveCfg = Release|Any CPU
		{6C48306A-4E45-4460-B68A-D393412BEF82}.Release|Any CPU.Build.0 = Release|Any CPU
	EndGlobalSection
	GlobalSection(SolutionProperties) = preSolution
		HideSolutionNode = FALSE
	EndGlobalSection
	GlobalSection(ExtensibilityGlobals) = postSolution
		SolutionGuid = {FD5D36FB-D3F3-41DC-8A53-1256543080C4}
	EndGlobalSection
EndGlobal
